
Microsoft Visual Studio Solution File, Format Version 12.00
# Visual Studio Version 17
VisualStudioVersion = 17.11.35303.130
MinimumVisualStudioVersion = 10.0.40219.1
Project("{FAE04EC0-301F-11D3-BF4B-00C04F79EFBC}") = "torpedo", "torpedo\torpedo.csproj", "{CE797774-55BC-4055-BB95-88AD920338DA}"
EndProject
Global
	GlobalSection(SolutionConfigurationPlatforms) = preSolution
		Debug|Any CPU = Debug|Any CPU
		Release|Any CPU = Release|Any CPU
	EndGlobalSection
	GlobalSection(ProjectConfigurationPlatforms) = postSolution
		{CE797774-55BC-4055-BB95-88AD920338DA}.Debug|Any CPU.ActiveCfg = Debug|Any CPU
		{CE797774-55BC-4055-BB95-88AD920338DA}.Debug|Any CPU.Build.0 = Debug|Any CPU
		{CE797774-55BC-4055-BB95-88AD920338DA}.Release|Any CPU.ActiveCfg = Release|Any CPU
		{CE797774-55BC-4055-BB95-88AD920338DA}.Release|Any CPU.Build.0 = Release|Any CPU
	EndGlobalSection
	GlobalSection(SolutionProperties) = preSolution
		HideSolutionNode = FALSE
	EndGlobalSection
	GlobalSection(ExtensibilityGlobals) = postSolution
		SolutionGuid = {03B11515-8871-4C64-888C-96B48C46885A}
	EndGlobalSection
EndGlobal
